
Microsoft Visual Studio Solution File, Format Version 12.00
# Visual Studio Version 17
VisualStudioVersion = 17.10.35122.118
MinimumVisualStudioVersion = 10.0.40219.1
Project("{9A19103F-16F7-4668-BE54-9A1E7A4F7556}") = "HeadFirstDesignPattern", "HeadFirstDesignPattern\HeadFirstDesignPattern.csproj", "{7848680D-6A23-4178-B950-962D31400AE3}"
EndProject
Global
	GlobalSection(SolutionConfigurationPlatforms) = preSolution
		Debug|Any CPU = Debug|Any CPU
		Release|Any CPU = Release|Any CPU
	EndGlobalSection
	GlobalSection(ProjectConfigurationPlatforms) = postSolution
		{7848680D-6A23-4178-B950-962D31400AE3}.Debug|Any CPU.ActiveCfg = Debug|Any CPU
		{7848680D-6A23-4178-B950-962D31400AE3}.Debug|Any CPU.Build.0 = Debug|Any CPU
		{7848680D-6A23-4178-B950-962D31400AE3}.Release|Any CPU.ActiveCfg = Release|Any CPU
		{7848680D-6A23-4178-B950-962D31400AE3}.Release|Any CPU.Build.0 = Release|Any CPU
	EndGlobalSection
	GlobalSection(SolutionProperties) = preSolution
		HideSolutionNode = FALSE
	EndGlobalSection
	GlobalSection(ExtensibilityGlobals) = postSolution
		SolutionGuid = {CDA50BDF-01A8-43ED-8213-6EA8D24B2E65}
	EndGlobalSection
EndGlobal
